{
  "nodes": {
    "crane": {
      "locked": {
        "lastModified": 1775236976,
        "narHash": "sha256-gCgX+AXN7K1gAIEqcLcZHxmC+QoZcwn9m6Z9r2Az+N8=",
        "owner": "ipetkov",
        "repo": "crane",
        "rev": "6c23998526351a53ce734f0ac84940da988ccef1",
        "type": "github"
      },
      "original": {
        "owner": "ipetkov",
        "repo": "crane",
        "type": "github"
      }
    },
    "fenix": {
      "inputs": {
        "nixpkgs": [
          "nixpkgs"
        ],
        "rust-analyzer-src": "rust-analyzer-src"
      },
      "locked": {
        "lastModified": 1769929675,
        "narHash": "sha256-EBpe7sXCPLs+qVePXbA7kc+Kmpmp0pWysEpjjEWTK+E=",
        "owner": "nix-community",
        "repo": "fenix",
        "rev": "78d518f5ca32a86dc767de481160dbae640c70cf",
        "type": "github"
      },
      "original": {
        "owner": "nix-community",
        "ref": "monthly",
        "repo": "fenix",
        "type": "github"
      }
    },
    "flake-parts": {
      "inputs": {
        "nixpkgs-lib": "nixpkgs-lib"
      },
      "locked": {
        "lastModified": 1775087534,
        "narHash": "sha256-91qqW8lhL7TLwgQWijoGBbiD4t7/q75KTi8NxjVmSmA=",
        "owner": "hercules-ci",
        "repo": "flake-parts",
        "rev": "3107b77cd68437b9a76194f0f7f9c55f2329ca5b",
        "type": "github"
      },
      "original": {
        "owner": "hercules-ci",
        "repo": "flake-parts",
        "type": "github"
      }
    },
    "nixpkgs": {
      "locked": {
        "lastModified": 1771923393,
        "narHash": "sha256-Fy0+UXELv9hOE8WjYhJt8fMDLYTU2Dqn3cX4BwoGBos=",
        "owner": "NixOS",
        "repo": "nixpkgs",
        "rev": "ea7f1f06811ce7fcc81d6c6fd4213150c23edcf2",
        "type": "github"
      },
      "original": {
        "owner": "NixOS",
        "ref": "nixpkgs-unstable",
        "repo": "nixpkgs",
        "type": "github"
      }
    },
    "nixpkgs-lib": {
      "locked": {
        "lastModified": 1774748309,
        "narHash": "sha256-+U7gF3qxzwD5TZuANzZPeJTZRHS29OFQgkQ2kiTJBIQ=",
        "owner": "nix-community",
        "repo": "nixpkgs.lib",
        "rev": "333c4e0545a6da976206c74db8773a1645b5870a",
        "type": "github"
      },
      "original": {
        "owner": "nix-community",
        "repo": "nixpkgs.lib",
        "type": "github"
      }
    },
    "root": {
      "inputs": {
        "crane": "crane",
        "fenix": "fenix",
        "flake-parts": "flake-parts",
        "nixpkgs": "nixpkgs"
      }
    },
    "rust-analyzer-src": {
      "flake": false,
      "locked": {
        "lastModified": 1769857242,
        "narHash": "sha256-3eKpRRzKz0KzY7CJzRXFm4POwEqbuTohyQ2ajI/zKvg=",
        "owner": "rust-lang",
        "repo": "rust-analyzer",
        "rev": "17304e9c7e11d26139672d3d77aa498b1cae0d69",
        "type": "github"
      },
      "original": {
        "owner": "rust-lang",
        "ref": "nightly",
        "repo": "rust-analyzer",
        "type": "github"
      }
    }
  },
  "root": "root",
  "version": 7
}
